{
  "name": "aliq-lib",
  "version": "0.0.0",
  "lockfileVersion": 1,
  "requires": true,
  "dependencies": {
    "aliq": {
      "version": "0.0.5",
      "resolved": "https://registry.npmjs.org/aliq/-/aliq-0.0.5.tgz",
      "integrity": "sha512-zs33bW2ZCFMPzrAILzmIuosKOYIwpHVc0jVY8VNDqa4RjdPLz6l3xOsQXVzQxno2zATxc0lqnV7R78t0d+HGTg=="
    },
    "iterator-lib": {
      "version": "0.0.5",
      "resolved": "https://registry.npmjs.org/iterator-lib/-/iterator-lib-0.0.5.tgz",
      "integrity": "sha512-h/uqpXbjfys/O65xrujPJX29puunPALxeUPS3ljKjhTAepqYDqm4vcy7ggb1iiBmnt04AUs/HOBsk6pMbvzogw=="
    },
    "typescript": {
      "version": "2.6.2",
      "resolved": "https://registry.npmjs.org/typescript/-/typescript-2.6.2.tgz",
      "integrity": "sha1-PFtv1/beCRQmkCfwPAlGdY92c6Q=",
      "dev": true
    }
  }
}
